
Microsoft Visual Studio Solution File, Format Version 12.00
# Visual Studio 15
VisualStudioVersion = 15.0.27703.2042
MinimumVisualStudioVersion = 10.0.40219.1
Project("{9A19103F-16F7-4668-BE54-9A1E7A4F7556}") = "Microsoft.Azure.CognitiveServices.Samples.QnAMaker", "Microsoft.Azure.CognitiveServices.Samples.QnAMaker.csproj", "{88276BFF-0C5C-4691-A81B-139F0C594451}"
EndProject
Global
	GlobalSection(SolutionConfigurationPlatforms) = preSolution
		Debug|Any CPU = Debug|Any CPU
		Release|Any CPU = Release|Any CPU
	EndGlobalSection
	GlobalSection(ProjectConfigurationPlatforms) = postSolution
		{88276BFF-0C5C-4691-A81B-139F0C594451}.Debug|Any CPU.ActiveCfg = Debug|Any CPU
		{88276BFF-0C5C-4691-A81B-139F0C594451}.Debug|Any CPU.Build.0 = Debug|Any CPU
		{88276BFF-0C5C-4691-A81B-139F0C594451}.Release|Any CPU.ActiveCfg = Release|Any CPU
		{88276BFF-0C5C-4691-A81B-139F0C594451}.Release|Any CPU.Build.0 = Release|Any CPU
	EndGlobalSection
	GlobalSection(SolutionProperties) = preSolution
		HideSolutionNode = FALSE
	EndGlobalSection
	GlobalSection(ExtensibilityGlobals) = postSolution
		SolutionGuid = {BA833EFD-100C-4918-8A60-1248DA1BAF54}
	EndGlobalSection
EndGlobal
