
Microsoft Visual Studio Solution File, Format Version 12.00
# Visual Studio 15
VisualStudioVersion = 15.0.27004.2010
MinimumVisualStudioVersion = 10.0.40219.1
Project("{9A19103F-16F7-4668-BE54-9A1E7A4F7556}") = "ComputerVisionSample", "ComputerVisionSample.csproj", "{46A0C66F-76C2-4804-AE2D-0392847D258B}"
EndProject
Global
	GlobalSection(SolutionConfigurationPlatforms) = preSolution
		Debug|Any CPU = Debug|Any CPU
		Release|Any CPU = Release|Any CPU
	EndGlobalSection
	GlobalSection(ProjectConfigurationPlatforms) = postSolution
		{46A0C66F-76C2-4804-AE2D-0392847D258B}.Debug|Any CPU.ActiveCfg = Debug|Any CPU
		{46A0C66F-76C2-4804-AE2D-0392847D258B}.Debug|Any CPU.Build.0 = Debug|Any CPU
		{46A0C66F-76C2-4804-AE2D-0392847D258B}.Release|Any CPU.ActiveCfg = Release|Any CPU
		{46A0C66F-76C2-4804-AE2D-0392847D258B}.Release|Any CPU.Build.0 = Release|Any CPU
	EndGlobalSection
	GlobalSection(SolutionProperties) = preSolution
		HideSolutionNode = FALSE
	EndGlobalSection
	GlobalSection(ExtensibilityGlobals) = postSolution
		SolutionGuid = {FB6F05AE-5528-4CF9-B373-E7500E98852C}
	EndGlobalSection
EndGlobal
