
Microsoft Visual Studio Solution File, Format Version 12.00
# Visual Studio 15
VisualStudioVersion = 15.0.27703.2035
MinimumVisualStudioVersion = 10.0.40219.1
Project("{FAE04EC0-301F-11D3-BF4B-00C04F79EFBC}") = "Microsoft.Azure.CognitiveServices.Samples.Test", "Microsoft.Azure.CognitiveServices.Samples.Test\Microsoft.Azure.CognitiveServices.Samples.Test.csproj", "{2807390F-9318-48E5-93BF-C5C2B0A93ADA}"
EndProject
Global
	GlobalSection(SolutionConfigurationPlatforms) = preSolution
		Debug|Any CPU = Debug|Any CPU
		Release|Any CPU = Release|Any CPU
	EndGlobalSection
	GlobalSection(ProjectConfigurationPlatforms) = postSolution
		{2807390F-9318-48E5-93BF-C5C2B0A93ADA}.Debug|Any CPU.ActiveCfg = Debug|Any CPU
		{2807390F-9318-48E5-93BF-C5C2B0A93ADA}.Debug|Any CPU.Build.0 = Debug|Any CPU
		{2807390F-9318-48E5-93BF-C5C2B0A93ADA}.Release|Any CPU.ActiveCfg = Release|Any CPU
		{2807390F-9318-48E5-93BF-C5C2B0A93ADA}.Release|Any CPU.Build.0 = Release|Any CPU
	EndGlobalSection
	GlobalSection(SolutionProperties) = preSolution
		HideSolutionNode = FALSE
	EndGlobalSection
	GlobalSection(ExtensibilityGlobals) = postSolution
		SolutionGuid = {3FBCB489-BC10-4D4F-A84B-E3406A628B33}
	EndGlobalSection
EndGlobal
