
Microsoft Visual Studio Solution File, Format Version 12.00
# Visual Studio 15
VisualStudioVersion = 15.0.27428.2043
MinimumVisualStudioVersion = 10.0.40219.1
Project("{9A19103F-16F7-4668-BE54-9A1E7A4F7556}") = "ImageClassification", "ImageClassification\ImageClassification.csproj", "{AD9DED98-B086-4AD9-84B7-4C69EE133F95}"
EndProject
Project("{9A19103F-16F7-4668-BE54-9A1E7A4F7556}") = "ObjectDetection", "ObjectDetection\ObjectDetection.csproj", "{798EAE71-602B-4D5F-A97F-5E35536A76D7}"
EndProject
Global
	GlobalSection(SolutionConfigurationPlatforms) = preSolution
		Debug|Any CPU = Debug|Any CPU
		Release|Any CPU = Release|Any CPU
	EndGlobalSection
	GlobalSection(ProjectConfigurationPlatforms) = postSolution
		{AD9DED98-B086-4AD9-84B7-4C69EE133F95}.Debug|Any CPU.ActiveCfg = Debug|Any CPU
		{AD9DED98-B086-4AD9-84B7-4C69EE133F95}.Debug|Any CPU.Build.0 = Debug|Any CPU
		{AD9DED98-B086-4AD9-84B7-4C69EE133F95}.Release|Any CPU.ActiveCfg = Release|Any CPU
		{AD9DED98-B086-4AD9-84B7-4C69EE133F95}.Release|Any CPU.Build.0 = Release|Any CPU
		{798EAE71-602B-4D5F-A97F-5E35536A76D7}.Debug|Any CPU.ActiveCfg = Debug|Any CPU
		{798EAE71-602B-4D5F-A97F-5E35536A76D7}.Debug|Any CPU.Build.0 = Debug|Any CPU
		{798EAE71-602B-4D5F-A97F-5E35536A76D7}.Release|Any CPU.ActiveCfg = Release|Any CPU
		{798EAE71-602B-4D5F-A97F-5E35536A76D7}.Release|Any CPU.Build.0 = Release|Any CPU
	EndGlobalSection
	GlobalSection(SolutionProperties) = preSolution
		HideSolutionNode = FALSE
	EndGlobalSection
	GlobalSection(ExtensibilityGlobals) = postSolution
		SolutionGuid = {B07FEC34-92A8-4DC5-B4E1-EBDDD46C92D1}
	EndGlobalSection
EndGlobal
