
Microsoft Visual Studio Solution File, Format Version 12.00
# Visual Studio 15
VisualStudioVersion = 15.0.28307.539
MinimumVisualStudioVersion = 10.0.40219.1
Project("{FAE04EC0-301F-11D3-BF4B-00C04F79EFBC}") = "AnalyzeImage", "AnalyzeImage\AnalyzeImage.csproj", "{0B8C2010-EDDE-4DB7-92D0-DFB06DAF6873}"
EndProject
Global
	GlobalSection(SolutionConfigurationPlatforms) = preSolution
		Debug|Any CPU = Debug|Any CPU
		Release|Any CPU = Release|Any CPU
	EndGlobalSection
	GlobalSection(ProjectConfigurationPlatforms) = postSolution
		{0B8C2010-EDDE-4DB7-92D0-DFB06DAF6873}.Debug|Any CPU.ActiveCfg = Debug|Any CPU
		{0B8C2010-EDDE-4DB7-92D0-DFB06DAF6873}.Debug|Any CPU.Build.0 = Debug|Any CPU
		{0B8C2010-EDDE-4DB7-92D0-DFB06DAF6873}.Release|Any CPU.ActiveCfg = Release|Any CPU
		{0B8C2010-EDDE-4DB7-92D0-DFB06DAF6873}.Release|Any CPU.Build.0 = Release|Any CPU
	EndGlobalSection
	GlobalSection(SolutionProperties) = preSolution
		HideSolutionNode = FALSE
	EndGlobalSection
	GlobalSection(ExtensibilityGlobals) = postSolution
		SolutionGuid = {52AA766C-8013-4680-B646-F7987DC11AAF}
	EndGlobalSection
EndGlobal
