
Microsoft Visual Studio Solution File, Format Version 12.00
# Visual Studio 15
VisualStudioVersion = 15.0.27004.2010
MinimumVisualStudioVersion = 10.0.40219.1
Project("{9A19103F-16F7-4668-BE54-9A1E7A4F7556}") = "Microsoft.Azure.CognitiveServices.Samples.TextAnalytics", "Microsoft.Azure.CognitiveServices.Samples.TextAnalytics.csproj", "{4D3990DD-D653-4C6F-8817-7210DF83DDA3}"
EndProject
Global
	GlobalSection(SolutionConfigurationPlatforms) = preSolution
		Debug|Any CPU = Debug|Any CPU
		Release|Any CPU = Release|Any CPU
	EndGlobalSection
	GlobalSection(ProjectConfigurationPlatforms) = postSolution
		{4D3990DD-D653-4C6F-8817-7210DF83DDA3}.Debug|Any CPU.ActiveCfg = Debug|Any CPU
		{4D3990DD-D653-4C6F-8817-7210DF83DDA3}.Debug|Any CPU.Build.0 = Debug|Any CPU
		{4D3990DD-D653-4C6F-8817-7210DF83DDA3}.Release|Any CPU.ActiveCfg = Release|Any CPU
		{4D3990DD-D653-4C6F-8817-7210DF83DDA3}.Release|Any CPU.Build.0 = Release|Any CPU
	EndGlobalSection
	GlobalSection(SolutionProperties) = preSolution
		HideSolutionNode = FALSE
	EndGlobalSection
	GlobalSection(ExtensibilityGlobals) = postSolution
		SolutionGuid = {7D11C565-D098-4D18-BA6F-943DAB25FF0A}
	EndGlobalSection
EndGlobal
