
Microsoft Visual Studio Solution File, Format Version 12.00
# Visual Studio 15
VisualStudioVersion = 15.0.28010.2048
MinimumVisualStudioVersion = 10.0.40219.1
Project("{9A19103F-16F7-4668-BE54-9A1E7A4F7556}") = "Microsoft.Azure.CognitiveServices.Samples.AnomalyDetector", "Microsoft.Azure.CognitiveServices.Samples.AnomalyDetector.csproj", "{BB7F3D92-EED1-44C6-9AB2-411E51154D73}"
EndProject
Global
	GlobalSection(SolutionConfigurationPlatforms) = preSolution
		Debug|Any CPU = Debug|Any CPU
		Release|Any CPU = Release|Any CPU
	EndGlobalSection
	GlobalSection(ProjectConfigurationPlatforms) = postSolution
		{BB7F3D92-EED1-44C6-9AB2-411E51154D73}.Debug|Any CPU.ActiveCfg = Debug|Any CPU
		{BB7F3D92-EED1-44C6-9AB2-411E51154D73}.Debug|Any CPU.Build.0 = Debug|Any CPU
		{BB7F3D92-EED1-44C6-9AB2-411E51154D73}.Release|Any CPU.ActiveCfg = Release|Any CPU
		{BB7F3D92-EED1-44C6-9AB2-411E51154D73}.Release|Any CPU.Build.0 = Release|Any CPU
	EndGlobalSection
	GlobalSection(SolutionProperties) = preSolution
		HideSolutionNode = FALSE
	EndGlobalSection
	GlobalSection(ExtensibilityGlobals) = postSolution
		SolutionGuid = {92CB0975-EF18-497D-9423-73C412E32B89}
	EndGlobalSection
EndGlobal
